{
  "name": "seanime-desktop",
  "version": "1.0.0",
  "lockfileVersion": 3,
  "requires": true,
  "packages": {
    "": {
      "name": "seanime-desktop",
      "version": "1.0.0",
      "dependencies": {
        "@tauri-apps/api": "^2.0.2",
        "@tauri-apps/cli": "^2.0.3"
      }
    },
    "node_modules/@tauri-apps/api": {
      "version": "2.0.2",
      "resolved": "https://registry.npmjs.org/@tauri-apps/api/-/api-2.0.2.tgz",
      "integrity": "sha512-3wSwmG+1kr6WrgAFKK5ijkNFPp8TT3FLj3YHUb5EwMO+3FxX4uWlfSWkeeBy+Kc1RsKzugtYLuuya+98Flj+3w==",
      "license": "Apache-2.0 OR MIT",
      "funding": {
        "type": "opencollective",
        "url": "https://opencollective.com/tauri"
      }
    },
    "node_modules/@tauri-apps/cli": {
      "version": "2.0.3",
      "resolved": "https://registry.npmjs.org/@tauri-apps/cli/-/cli-2.0.3.tgz",
      "integrity": "sha512-JwEyhc5BAVpn4E8kxzY/h7+bVOiXQdudR1r3ODMfyyumZBfgIWqpD/WuTcPq6Yjchju1BSS+80jAE/oYwI/RKg==",
      "license": "Apache-2.0 OR MIT",
      "bin": {
        "tauri": "tauri.js"
      },
      "engines": {
        "node": ">= 10"
      },
      "funding": {
        "type": "opencollective",
        "url": "https://opencollective.com/tauri"
      },
      "optionalDependencies": {
        "@tauri-apps/cli-darwin-arm64": "2.0.3",
        "@tauri-apps/cli-darwin-x64": "2.0.3",
        "@tauri-apps/cli-linux-arm-gnueabihf": "2.0.3",
        "@tauri-apps/cli-linux-arm64-gnu": "2.0.3",
        "@tauri-apps/cli-linux-arm64-musl": "2.0.3",
        "@tauri-apps/cli-linux-x64-gnu": "2.0.3",
        "@tauri-apps/cli-linux-x64-musl": "2.0.3",
        "@tauri-apps/cli-win32-arm64-msvc": "2.0.3",
        "@tauri-apps/cli-win32-ia32-msvc": "2.0.3",
        "@tauri-apps/cli-win32-x64-msvc": "2.0.3"
      }
    },
    "node_modules/@tauri-apps/cli-darwin-arm64": {
      "version": "2.0.3",
      "resolved": "https://registry.npmjs.org/@tauri-apps/cli-darwin-arm64/-/cli-darwin-arm64-2.0.3.tgz",
      "integrity": "sha512-jIsbxGWS+As1ZN7umo90nkql/ZAbrDK0GBT6UsgHSz5zSwwArICsZFFwE1pLZip5yoiV5mn3TGG2c1+v+0puzQ==",
      "cpu": [
        "arm64"
      ],
      "license": "Apache-2.0 OR MIT",
      "optional": true,
      "os": [
        "darwin"
      ],
      "engines": {
        "node": ">= 10"
      }
    },
    "node_modules/@tauri-apps/cli-darwin-x64": {
      "version": "2.0.3",
      "resolved": "https://registry.npmjs.org/@tauri-apps/cli-darwin-x64/-/cli-darwin-x64-2.0.3.tgz",
      "integrity": "sha512-ROITHtLTA1muyrwgyuwyasmaLCGtT4as/Kd1kerXaSDtFcYrnxiM984ZD0+FDUEDl5BgXtYa/sKKkKQFjgmM0A==",
      "cpu": [
        "x64"
      ],
      "license": "Apache-2.0 OR MIT",
      "optional": true,
      "os": [
        "darwin"
      ],
      "engines": {
        "node": ">= 10"
      }
    },
    "node_modules/@tauri-apps/cli-linux-arm-gnueabihf": {
      "version": "2.0.3",
      "resolved": "https://registry.npmjs.org/@tauri-apps/cli-linux-arm-gnueabihf/-/cli-linux-arm-gnueabihf-2.0.3.tgz",
      "integrity": "sha512-bQ3EZwCFfrLg/ZQ2I8sLuifSxESz4TP56SleTkKsPtTIZgNnKpM88PRDz4neiRroHVOq8NK0X276qi9LjGcXPw==",
      "cpu": [
        "arm"
      ],
      "license": "Apache-2.0 OR MIT",
      "optional": true,
      "os": [
        "linux"
      ],
      "engines": {
        "node": ">= 10"
      }
    },
    "node_modules/@tauri-apps/cli-linux-arm64-gnu": {
      "version": "2.0.3",
      "resolved": "https://registry.npmjs.org/@tauri-apps/cli-linux-arm64-gnu/-/cli-linux-arm64-gnu-2.0.3.tgz",
      "integrity": "sha512-aLfAA8P9OTErVUk3sATxtXqpAtlfDPMPp4fGjDysEELG/MyekGhmh2k/kG/i32OdPeCfO+Nr37wJksARJKubGw==",
      "cpu": [
        "arm64"
      ],
      "license": "Apache-2.0 OR MIT",
      "optional": true,
      "os": [
        "linux"
      ],
      "engines": {
        "node": ">= 10"
      }
    },
    "node_modules/@tauri-apps/cli-linux-arm64-musl": {
      "version": "2.0.3",
      "resolved": "https://registry.npmjs.org/@tauri-apps/cli-linux-arm64-musl/-/cli-linux-arm64-musl-2.0.3.tgz",
      "integrity": "sha512-I4MVD7nf6lLLRmNQPpe5beEIFM6q7Zkmh77ROA5BNu/+vHNL5kiTMD+bmd10ZL2r753A6pO7AvqkIxcBuIl0tg==",
      "cpu": [
        "arm64"
      ],
      "license": "Apache-2.0 OR MIT",
      "optional": true,
      "os": [
        "linux"
      ],
      "engines": {
        "node": ">= 10"
      }
    },
    "node_modules/@tauri-apps/cli-linux-x64-gnu": {
      "version": "2.0.3",
      "resolved": "https://registry.npmjs.org/@tauri-apps/cli-linux-x64-gnu/-/cli-linux-x64-gnu-2.0.3.tgz",
      "integrity": "sha512-C6Jkx2zZGKkoi+sg5FK9GoH/0EvAaOgrZfF5azV5EALGba46g7VpWcZgp9zFUd7K2IzTi+0OOY8TQ2OVfKZgew==",
      "cpu": [
        "x64"
      ],
      "license": "Apache-2.0 OR MIT",
      "optional": true,
      "os": [
        "linux"
      ],
      "engines": {
        "node": ">= 10"
      }
    },
    "node_modules/@tauri-apps/cli-linux-x64-musl": {
      "version": "2.0.3",
      "resolved": "https://registry.npmjs.org/@tauri-apps/cli-linux-x64-musl/-/cli-linux-x64-musl-2.0.3.tgz",
      "integrity": "sha512-qi4ghmTfSAl+EEUDwmwI9AJUiOLNSmU1RgiGgcPRE+7A/W+Am9UnxYySAiRbB/gJgTl9sj/pqH5Y9duP1/sqHg==",
      "cpu": [
        "x64"
      ],
      "license": "Apache-2.0 OR MIT",
      "optional": true,
      "os": [
        "linux"
      ],
      "engines": {
        "node": ">= 10"
      }
    },
    "node_modules/@tauri-apps/cli-win32-arm64-msvc": {
      "version": "2.0.3",
      "resolved": "https://registry.npmjs.org/@tauri-apps/cli-win32-arm64-msvc/-/cli-win32-arm64-msvc-2.0.3.tgz",
      "integrity": "sha512-UXxHkYmFesC97qVmZre4vY7oDxRDtC2OeKNv0bH+iSnuUp/ROxzJYGyaelnv9Ybvgl4YVqDCnxgB28qMM938TA==",
      "cpu": [
        "arm64"
      ],
      "license": "Apache-2.0 OR MIT",
      "optional": true,
      "os": [
        "win32"
      ],
      "engines": {
        "node": ">= 10"
      }
    },
    "node_modules/@tauri-apps/cli-win32-ia32-msvc": {
      "version": "2.0.3",
      "resolved": "https://registry.npmjs.org/@tauri-apps/cli-win32-ia32-msvc/-/cli-win32-ia32-msvc-2.0.3.tgz",
      "integrity": "sha512-D+xoaa35RGlkXDpnL5uDTpj29untuC5Wp6bN9snfgFDagD0wnFfC8+2ZQGu16bD0IteWqDI0OSoIXhNvy+F+wg==",
      "cpu": [
        "ia32"
      ],
      "license": "Apache-2.0 OR MIT",
      "optional": true,
      "os": [
        "win32"
      ],
      "engines": {
        "node": ">= 10"
      }
    },
    "node_modules/@tauri-apps/cli-win32-x64-msvc": {
      "version": "2.0.3",
      "resolved": "https://registry.npmjs.org/@tauri-apps/cli-win32-x64-msvc/-/cli-win32-x64-msvc-2.0.3.tgz",
      "integrity": "sha512-eWV9XWb4dSYHXl13OtYWLjX1JHphUEkHkkGwJrhr8qFBm7RbxXxQvrsUEprSi51ug/dwJenjJgM4zR8By4htfw==",
      "cpu": [
        "x64"
      ],
      "license": "Apache-2.0 OR MIT",
      "optional": true,
      "os": [
        "win32"
      ],
      "engines": {
        "node": ">= 10"
      }
    }
  }
}
